
Microsoft Visual Studio Solution File, Format Version 12.00
# Visual Studio Version 17
VisualStudioVersion = 17.5.33502.453
MinimumVisualStudioVersion = 10.0.40219.1
Project("{FAE04EC0-301F-11D3-BF4B-00C04F79EFBC}") = "PoyectoVideoteca", "PoyectoVideoteca.csproj", "{5E277115-3F66-406B-BE91-7BCEDEAC12D8}"
EndProject
Global
	GlobalSection(SolutionConfigurationPlatforms) = preSolution
		Debug|Any CPU = Debug|Any CPU
		Release|Any CPU = Release|Any CPU
	EndGlobalSection
	GlobalSection(ProjectConfigurationPlatforms) = postSolution
		{5E277115-3F66-406B-BE91-7BCEDEAC12D8}.Debug|Any CPU.ActiveCfg = Debug|Any CPU
		{5E277115-3F66-406B-BE91-7BCEDEAC12D8}.Debug|Any CPU.Build.0 = Debug|Any CPU
		{5E277115-3F66-406B-BE91-7BCEDEAC12D8}.Release|Any CPU.ActiveCfg = Release|Any CPU
		{5E277115-3F66-406B-BE91-7BCEDEAC12D8}.Release|Any CPU.Build.0 = Release|Any CPU
	EndGlobalSection
	GlobalSection(SolutionProperties) = preSolution
		HideSolutionNode = FALSE
	EndGlobalSection
	GlobalSection(ExtensibilityGlobals) = postSolution
		SolutionGuid = {1E242DC3-4DC6-417F-B77E-7215C8F3E3AE}
	EndGlobalSection
EndGlobal
